
Microsoft Visual Studio Solution File, Format Version 12.00
# Visual Studio 14
VisualStudioVersion = 14.0.23107.0
MinimumVisualStudioVersion = 10.0.40219.1
Project("{FAE04EC0-301F-11D3-BF4B-00C04F79EFBC}") = "DemoCanvas", "DemoCanvas\DemoCanvas.csproj", "{0131B01C-4EC9-4264-B648-AC98739A3BFF}"
EndProject
Global
	GlobalSection(SolutionConfigurationPlatforms) = preSolution
		Debug|Any CPU = Debug|Any CPU
		Release|Any CPU = Release|Any CPU
	EndGlobalSection
	GlobalSection(ProjectConfigurationPlatforms) = postSolution
		{0131B01C-4EC9-4264-B648-AC98739A3BFF}.Debug|Any CPU.ActiveCfg = Debug|Any CPU
		{0131B01C-4EC9-4264-B648-AC98739A3BFF}.Debug|Any CPU.Build.0 = Debug|Any CPU
		{0131B01C-4EC9-4264-B648-AC98739A3BFF}.Release|Any CPU.ActiveCfg = Release|Any CPU
		{0131B01C-4EC9-4264-B648-AC98739A3BFF}.Release|Any CPU.Build.0 = Release|Any CPU
	EndGlobalSection
	GlobalSection(SolutionProperties) = preSolution
		HideSolutionNode = FALSE
	EndGlobalSection
EndGlobal
